
Microsoft Visual Studio Solution File, Format Version 12.00
# Visual Studio Version 17
VisualStudioVersion = 17.1.32421.90
MinimumVisualStudioVersion = 10.0.40219.1
Project("{FAE04EC0-301F-11D3-BF4B-00C04F79EFBC}") = "Github", "Github\Github.csproj", "{BB294319-B55D-486D-9E00-61A7EF4FBDA1}"
EndProject
Global
	GlobalSection(SolutionConfigurationPlatforms) = preSolution
		Debug|Any CPU = Debug|Any CPU
		Release|Any CPU = Release|Any CPU
	EndGlobalSection
	GlobalSection(ProjectConfigurationPlatforms) = postSolution
		{BB294319-B55D-486D-9E00-61A7EF4FBDA1}.Debug|Any CPU.ActiveCfg = Debug|Any CPU
		{BB294319-B55D-486D-9E00-61A7EF4FBDA1}.Debug|Any CPU.Build.0 = Debug|Any CPU
		{BB294319-B55D-486D-9E00-61A7EF4FBDA1}.Release|Any CPU.ActiveCfg = Release|Any CPU
		{BB294319-B55D-486D-9E00-61A7EF4FBDA1}.Release|Any CPU.Build.0 = Release|Any CPU
	EndGlobalSection
	GlobalSection(SolutionProperties) = preSolution
		HideSolutionNode = FALSE
	EndGlobalSection
	GlobalSection(ExtensibilityGlobals) = postSolution
		SolutionGuid = {966DFC22-CB09-42A7-A32E-52668A2E9DA2}
	EndGlobalSection
EndGlobal
